
Microsoft Visual Studio Solution File, Format Version 10.00
# Visual Studio 2008
Project("{FAE04EC0-301F-11D3-BF4B-00C04F79EFBC}") = "CrestronStopwatchWithTimer", "CrestronStopwatch\CrestronStopwatchWithTimer.csproj", "{5475AC9E-8ABB-4019-9E01-5C645EA34181}"
EndProject
Project("{FAE04EC0-301F-11D3-BF4B-00C04F79EFBC}") = "CSharpStopwatchWinForm", "CSharpStopwatch\CSharpStopwatchWinForm.csproj", "{80DEE035-A1CE-4444-BBDE-51CCBEBC5B1D}"
EndProject
Global
	GlobalSection(SolutionConfigurationPlatforms) = preSolution
		Debug|Any CPU = Debug|Any CPU
		Release|Any CPU = Release|Any CPU
	EndGlobalSection
	GlobalSection(ProjectConfigurationPlatforms) = postSolution
		{5475AC9E-8ABB-4019-9E01-5C645EA34181}.Debug|Any CPU.ActiveCfg = Debug|Any CPU
		{5475AC9E-8ABB-4019-9E01-5C645EA34181}.Debug|Any CPU.Build.0 = Debug|Any CPU
		{5475AC9E-8ABB-4019-9E01-5C645EA34181}.Release|Any CPU.ActiveCfg = Release|Any CPU
		{5475AC9E-8ABB-4019-9E01-5C645EA34181}.Release|Any CPU.Build.0 = Release|Any CPU
		{80DEE035-A1CE-4444-BBDE-51CCBEBC5B1D}.Debug|Any CPU.ActiveCfg = Debug|Any CPU
		{80DEE035-A1CE-4444-BBDE-51CCBEBC5B1D}.Debug|Any CPU.Build.0 = Debug|Any CPU
		{80DEE035-A1CE-4444-BBDE-51CCBEBC5B1D}.Release|Any CPU.ActiveCfg = Release|Any CPU
		{80DEE035-A1CE-4444-BBDE-51CCBEBC5B1D}.Release|Any CPU.Build.0 = Release|Any CPU
	EndGlobalSection
	GlobalSection(SolutionProperties) = preSolution
		HideSolutionNode = FALSE
	EndGlobalSection
EndGlobal
